// !$*UTF8*$!
{
	archiveVersion = 1;
	classes = {
	};
	objectVersion = 46;
	objects = {

/* Begin PBXBuildFile section */
		5ADDCCA8169D9FEC00030652 /* UIKit.framework in Frameworks */ = {isa = PBXBuildFile; fileRef = 5ADDCCA7169D9FEC00030652 /* UIKit.framework */; };
		5ADDCCAA169D9FEC00030652 /* Foundation.framework in Frameworks */ = {isa = PBXBuildFile; fileRef = 5ADDCCA9169D9FEC00030652 /* Foundation.framework */; };
		5ADDCCAC169D9FEC00030652 /* CoreGraphics.framework in Frameworks */ = {isa = PBXBuildFile; fileRef = 5ADDCCAB169D9FEC00030652 /* CoreGraphics.framework */; };
		5ADDCCB2169D9FEC00030652 /* InfoPlist.strings in Resources */ = {isa = PBXBuildFile; fileRef = 5ADDCCB0169D9FEC00030652 /* InfoPlist.strings */; };
		5ADDCCB4169D9FEC00030652 /* main.m in Sources */ = {isa = PBXBuildFile; fileRef = 5ADDCCB3169D9FEC00030652 /* main.m */; };
		5ADDCCB8169D9FEC00030652 /* AppDelegate.m in Sources */ = {isa = PBXBuildFile; fileRef = 5ADDCCB7169D9FEC00030652 /* AppDelegate.m */; };
		5ADDCCBA169D9FEC00030652 /* Default.png in Resources */ = {isa = PBXBuildFile; fileRef = 5ADDCCB9169D9FEC00030652 /* Default.png */; };
		5ADDCCBC169D9FEC00030652 /* Default@2x.png in Resources */ = {isa = PBXBuildFile; fileRef = 5ADDCCBB169D9FEC00030652 /* Default@2x.png */; };
		5ADDCCBE169D9FEC00030652 /* Default-568h@2x.png in Resources */ = {isa = PBXBuildFile; fileRef = 5ADDCCBD169D9FEC00030652 /* Default-568h@2x.png */; };
		5ADDCCC1169D9FEC00030652 /* ViewController.m in Sources */ = {isa = PBXBuildFile; fileRef = 5ADDCCC0169D9FEC00030652 /* ViewController.m */; };
		5ADDCCC4169D9FEC00030652 /* ViewController.xib in Resources */ = {isa = PBXBuildFile; fileRef = 5ADDCCC2169D9FEC00030652 /* ViewController.xib */; };
/* End PBXBuildFile section */

/* Begin PBXFileReference section */
		5ADDCCA3169D9FEC00030652 /* JenkinsTest.app */ = {isa = PBXFileReference; explicitFileType = wrapper.application; includeInIndex = 0; path = JenkinsTest.app; sourceTree = BUILT_PRODUCTS_DIR; };
		5ADDCCA7169D9FEC00030652 /* UIKit.framework */ = {isa = PBXFileReference; lastKnownFileType = wrapper.framework; name = UIKit.framework; path = System/Library/Frameworks/UIKit.framework; sourceTree = SDKROOT; };
		5ADDCCA9169D9FEC00030652 /* Foundation.framework */ = {isa = PBXFileReference; lastKnownFileType = wrapper.framework; name = Foundation.framework; path = System/Library/Frameworks/Foundation.framework; sourceTree = SDKROOT; };
		5ADDCCAB169D9FEC00030652 /* CoreGraphics.framework */ = {isa = PBXFileReference; lastKnownFileType = wrapper.framework; name = CoreGraphics.framework; path = System/Library/Frameworks/CoreGraphics.framework; sourceTree = SDKROOT; };
		5ADDCCAF169D9FEC00030652 /* JenkinsTest-Info.plist */ = {isa = PBXFileReference; lastKnownFileType = text.plist.xml; path = "JenkinsTest-Info.plist"; sourceTree = "<group>"; };
		5ADDCCB1169D9FEC00030652 /* en */ = {isa = PBXFileReference; lastKnownFileType = text.plist.strings; name = en; path = en.lproj/InfoPlist.strings; sourceTree = "<group>"; };
		5ADDCCB3169D9FEC00030652 /* main.m */ = {isa = PBXFileReference; lastKnownFileType = sourcecode.c.objc; path = main.m; sourceTree = "<group>"; };
		5ADDCCB5169D9FEC00030652 /* JenkinsTest-Prefix.pch */ = {isa = PBXFileReference; lastKnownFileType = sourcecode.c.h; path = "JenkinsTest-Prefix.pch"; sourceTree = "<group>"; };
		5ADDCCB6169D9FEC00030652 /* AppDelegate.h */ = {isa = PBXFileReference; lastKnownFileType = sourcecode.c.h; path = AppDelegate.h; sourceTree = "<group>"; };
		5ADDCCB7169D9FEC00030652 /* AppDelegate.m */ = {isa = PBXFileReference; lastKnownFileType = sourcecode.c.objc; path = AppDelegate.m; sourceTree = "<group>"; };
		5ADDCCB9169D9FEC00030652 /* Default.png */ = {isa = PBXFileReference; lastKnownFileType = image.png; path = Default.png; sourceTree = "<group>"; };
		5ADDCCBB169D9FEC00030652 /* Default@2x.png */ = {isa = PBXFileReference; lastKnownFileType = image.png; path = "Default@2x.png"; sourceTree = "<group>"; };
		5ADDCCBD169D9FEC00030652 /* Default-568h@2x.png */ = {isa = PBXFileReference; lastKnownFileType = image.png; path = "Default-568h@2x.png"; sourceTree = "<group>"; };
		5ADDCCBF169D9FEC00030652 /* ViewController.h */ = {isa = PBXFileReference; lastKnownFileType = sourcecode.c.h; path = ViewController.h; sourceTree = "<group>"; };
		5ADDCCC0169D9FEC00030652 /* ViewController.m */ = {isa = PBXFileReference; lastKnownFileType = sourcecode.c.objc; path = ViewController.m; sourceTree = "<group>"; };
		5ADDCCC3169D9FEC00030652 /* en */ = {isa = PBXFileReference; lastKnownFileType = file.xib; name = en; path = en.lproj/ViewController.xib; sourceTree = "<group>"; };
/* End PBXFileReference section */

/* Begin PBXFrameworksBuildPhase section */
		5ADDCCA0169D9FEC00030652 /* Frameworks */ = {
			isa = PBXFrameworksBuildPhase;
			buildActionMask = 2147483647;
			files = (
				5ADDCCA8169D9FEC00030652 /* UIKit.framework in Frameworks */,
				5ADDCCAA169D9FEC00030652 /* Foundation.framework in Frameworks */,
				5ADDCCAC169D9FEC00030652 /* CoreGraphics.framework in Frameworks */,
			);
			runOnlyForDeploymentPostprocessing = 0;
		};
/* End PBXFrameworksBuildPhase section */

/* Begin PBXGroup section */
		5ADDCC98169D9FEC00030652 = {
			isa = PBXGroup;
			children = (
				5ADDCCAD169D9FEC00030652 /* JenkinsTest */,
				5ADDCCA6169D9FEC00030652 /* Frameworks */,
				5ADDCCA4169D9FEC00030652 /* Products */,
			);
			sourceTree = "<group>";
		};
		5ADDCCA4169D9FEC00030652 /* Products */ = {
			isa = PBXGroup;
			children = (
				5ADDCCA3169D9FEC00030652 /* JenkinsTest.app */,
			);
			name = Products;
			sourceTree = "<group>";
		};
		5ADDCCA6169D9FEC00030652 /* Frameworks */ = {
			isa = PBXGroup;
			children = (
				5ADDCCA7169D9FEC00030652 /* UIKit.framework */,
				5ADDCCA9169D9FEC00030652 /* Foundation.framework */,
				5ADDCCAB169D9FEC00030652 /* CoreGraphics.framework */,
			);
			name = Frameworks;
			sourceTree = "<group>";
		};
		5ADDCCAD169D9FEC00030652 /* JenkinsTest */ = {
			isa = PBXGroup;
			children = (
				5ADDCCB6169D9FEC00030652 /* AppDelegate.h */,
				5ADDCCB7169D9FEC00030652 /* AppDelegate.m */,
				5ADDCCBF169D9FEC00030652 /* ViewController.h */,
				5ADDCCC0169D9FEC00030652 /* ViewController.m */,
				5ADDCCC2169D9FEC00030652 /* ViewController.xib */,
				5ADDCCAE169D9FEC00030652 /* Supporting Files */,
			);
			path = JenkinsTest;
			sourceTree = "<group>";
		};
		5ADDCCAE169D9FEC00030652 /* Supporting Files */ = {
			isa = PBXGroup;
			children = (
				5ADDCCAF169D9FEC00030652 /* JenkinsTest-Info.plist */,
				5ADDCCB0169D9FEC00030652 /* InfoPlist.strings */,
				5ADDCCB3169D9FEC00030652 /* main.m */,
				5ADDCCB5169D9FEC00030652 /* JenkinsTest-Prefix.pch */,
				5ADDCCB9169D9FEC00030652 /* Default.png */,
				5ADDCCBB169D9FEC00030652 /* Default@2x.png */,
				5ADDCCBD169D9FEC00030652 /* Default-568h@2x.png */,
			);
			name = "Supporting Files";
			sourceTree = "<group>";
		};
/* End PBXGroup section */

/* Begin PBXNativeTarget section */
		5ADDCCA2169D9FEC00030652 /* JenkinsTest */ = {
			isa = PBXNativeTarget;
			buildConfigurationList = 5ADDCCC7169D9FEC00030652 /* Build configuration list for PBXNativeTarget "JenkinsTest" */;
			buildPhases = (
				5ADDCC9F169D9FEC00030652 /* Sources */,
				5ADDCCA0169D9FEC00030652 /* Frameworks */,
				5ADDCCA1169D9FEC00030652 /* Resources */,
			);
			buildRules = (
			);
			dependencies = (
			);
			name = JenkinsTest;
			productName = JenkinsTest;
			productReference = 5ADDCCA3169D9FEC00030652 /* JenkinsTest.app */;
			productType = "com.apple.product-type.application";
		};
/* End PBXNativeTarget section */

/* Begin PBXProject section */
		5ADDCC9A169D9FEC00030652 /* Project object */ = {
			isa = PBXProject;
			attributes = {
				LastUpgradeCheck = 0450;
			};
			buildConfigurationList = 5ADDCC9D169D9FEC00030652 /* Build configuration list for PBXProject "JenkinsTest" */;
			compatibilityVersion = "Xcode 3.2";
			developmentRegion = English;
			hasScannedForEncodings = 0;
			knownRegions = (
				en,
			);
			mainGroup = 5ADDCC98169D9FEC00030652;
			productRefGroup = 5ADDCCA4169D9FEC00030652 /* Products */;
			projectDirPath = "";
			projectRoot = "";
			targets = (
				5ADDCCA2169D9FEC00030652 /* JenkinsTest */,
			);
		};
/* End PBXProject section */

/* Begin PBXResourcesBuildPhase section */
		5ADDCCA1169D9FEC00030652 /* Resources */ = {
			isa = PBXResourcesBuildPhase;
			buildActionMask = 2147483647;
			files = (
				5ADDCCB2169D9FEC00030652 /* InfoPlist.strings in Resources */,
				5ADDCCBA169D9FEC00030652 /* Default.png in Resources */,
				5ADDCCBC169D9FEC00030652 /* Default@2x.png in Resources */,
				5ADDCCBE169D9FEC00030652 /* Default-568h@2x.png in Resources */,
				5ADDCCC4169D9FEC00030652 /* ViewController.xib in Resources */,
			);
			runOnlyForDeploymentPostprocessing = 0;
		};
/* End PBXResourcesBuildPhase section */

/* Begin PBXSourcesBuildPhase section */
		5ADDCC9F169D9FEC00030652 /* Sources */ = {
			isa = PBXSourcesBuildPhase;
			buildActionMask = 2147483647;
			files = (
				5ADDCCB4169D9FEC00030652 /* main.m in Sources */,
				5ADDCCB8169D9FEC00030652 /* AppDelegate.m in Sources */,
				5ADDCCC1169D9FEC00030652 /* ViewController.m in Sources */,
			);
			runOnlyForDeploymentPostprocessing = 0;
		};
/* End PBXSourcesBuildPhase section */

/* Begin PBXVariantGroup section */
		5ADDCCB0169D9FEC00030652 /* InfoPlist.strings */ = {
			isa = PBXVariantGroup;
			children = (
				5ADDCCB1169D9FEC00030652 /* en */,
			);
			name = InfoPlist.strings;
			sourceTree = "<group>";
		};
		5ADDCCC2169D9FEC00030652 /* ViewController.xib */ = {
			isa = PBXVariantGroup;
			children = (
				5ADDCCC3169D9FEC00030652 /* en */,
			);
			name = ViewController.xib;
			sourceTree = "<group>";
		};
/* End PBXVariantGroup section */

/* Begin XCBuildConfiguration section */
		5ADDCCC5169D9FEC00030652 /* Debug */ = {
			isa = XCBuildConfiguration;
			buildSettings = {
				ALWAYS_SEARCH_USER_PATHS = NO;
				CLANG_CXX_LANGUAGE_STANDARD = "gnu++0x";
				CLANG_CXX_LIBRARY = "libc++";
				CLANG_WARN_EMPTY_BODY = YES;
				CLANG_WARN__DUPLICATE_METHOD_MATCH = YES;
				CODE_SIGN_IDENTITY = "iPhone Developer: Vitaly Dubov (R5B8TK8AC8)";
				"CODE_SIGN_IDENTITY[sdk=iphoneos*]" = "iPhone Developer: Vitaly Dubov (R5B8TK8AC8)";
				COPY_PHASE_STRIP = NO;
				GCC_C_LANGUAGE_STANDARD = gnu99;
				GCC_DYNAMIC_NO_PIC = NO;
				GCC_OPTIMIZATION_LEVEL = 0;
				GCC_PREPROCESSOR_DEFINITIONS = (
					"DEBUG=1",
					"$(inherited)",
				);
				GCC_SYMBOLS_PRIVATE_EXTERN = NO;
				GCC_WARN_ABOUT_RETURN_TYPE = YES;
				GCC_WARN_UNINITIALIZED_AUTOS = YES;
				GCC_WARN_UNUSED_VARIABLE = YES;
				IPHONEOS_DEPLOYMENT_TARGET = 5.1;
				ONLY_ACTIVE_ARCH = YES;
				PROVISIONING_PROFILE = "41BC9FEC-678C-4855-A460-3E2F8925BEEF";
				"PROVISIONING_PROFILE[sdk=iphoneos*]" = "41BC9FEC-678C-4855-A460-3E2F8925BEEF";
				SDKROOT = iphoneos;
				TARGETED_DEVICE_FAMILY = 2;
			};
			name = Debug;
		};
		5ADDCCC6169D9FEC00030652 /* Release */ = {
			isa = XCBuildConfiguration;
			buildSettings = {
				ALWAYS_SEARCH_USER_PATHS = NO;
				CLANG_CXX_LANGUAGE_STANDARD = "gnu++0x";
				CLANG_CXX_LIBRARY = "libc++";
				CLANG_WARN_EMPTY_BODY = YES;
				CLANG_WARN__DUPLICATE_METHOD_MATCH = YES;
				CODE_SIGN_IDENTITY = "iPhone Developer: Vitaly Dubov (R5B8TK8AC8)";
				"CODE_SIGN_IDENTITY[sdk=iphoneos*]" = "iPhone Developer: Vitaly Dubov (R5B8TK8AC8)";
				COPY_PHASE_STRIP = YES;
				GCC_C_LANGUAGE_STANDARD = gnu99;
				GCC_WARN_ABOUT_RETURN_TYPE = YES;
				GCC_WARN_UNINITIALIZED_AUTOS = YES;
				GCC_WARN_UNUSED_VARIABLE = YES;
				IPHONEOS_DEPLOYMENT_TARGET = 5.1;
				OTHER_CFLAGS = "-DNS_BLOCK_ASSERTIONS=1";
				PROVISIONING_PROFILE = "41BC9FEC-678C-4855-A460-3E2F8925BEEF";
				"PROVISIONING_PROFILE[sdk=iphoneos*]" = "41BC9FEC-678C-4855-A460-3E2F8925BEEF";
				SDKROOT = iphoneos;
				TARGETED_DEVICE_FAMILY = 2;
				VALIDATE_PRODUCT = YES;
			};
			name = Release;
		};
		5ADDCCC8169D9FEC00030652 /* Debug */ = {
			isa = XCBuildConfiguration;
			buildSettings = {
				CODE_SIGN_IDENTITY = "iPhone Developer: Vitaly Dubov (R5B8TK8AC8)";
				"CODE_SIGN_IDENTITY[sdk=iphoneos*]" = "iPhone Developer: Vitaly Dubov (R5B8TK8AC8)";
				GCC_PRECOMPILE_PREFIX_HEADER = YES;
				GCC_PREFIX_HEADER = "JenkinsTest/JenkinsTest-Prefix.pch";
				INFOPLIST_FILE = "JenkinsTest/JenkinsTest-Info.plist";
				IPHONEOS_DEPLOYMENT_TARGET = 5.1;
				PRODUCT_NAME = "$(TARGET_NAME)";
				PROVISIONING_PROFILE = "41BC9FEC-678C-4855-A460-3E2F8925BEEF";
				"PROVISIONING_PROFILE[sdk=iphoneos*]" = "41BC9FEC-678C-4855-A460-3E2F8925BEEF";
				WRAPPER_EXTENSION = app;
			};
			name = Debug;
		};
		5ADDCCC9169D9FEC00030652 /* Release */ = {
			isa = XCBuildConfiguration;
			buildSettings = {
				CODE_SIGN_IDENTITY = "iPhone Developer: Vitaly Dubov (R5B8TK8AC8)";
				"CODE_SIGN_IDENTITY[sdk=iphoneos*]" = "iPhone Developer: Vitaly Dubov (R5B8TK8AC8)";
				GCC_PRECOMPILE_PREFIX_HEADER = YES;
				GCC_PREFIX_HEADER = "JenkinsTest/JenkinsTest-Prefix.pch";
				INFOPLIST_FILE = "JenkinsTest/JenkinsTest-Info.plist";
				IPHONEOS_DEPLOYMENT_TARGET = 5.1;
				PRODUCT_NAME = "$(TARGET_NAME)";
				PROVISIONING_PROFILE = "41BC9FEC-678C-4855-A460-3E2F8925BEEF";
				"PROVISIONING_PROFILE[sdk=iphoneos*]" = "41BC9FEC-678C-4855-A460-3E2F8925BEEF";
				WRAPPER_EXTENSION = app;
			};
			name = Release;
		};
		5ADDCCCA169DA00C00030652 /* Distribution */ = {
			isa = XCBuildConfiguration;
			buildSettings = {
				ALWAYS_SEARCH_USER_PATHS = NO;
				CLANG_CXX_LANGUAGE_STANDARD = "gnu++0x";
				CLANG_CXX_LIBRARY = "libc++";
				CLANG_WARN_EMPTY_BODY = YES;
				CLANG_WARN__DUPLICATE_METHOD_MATCH = YES;
				CODE_SIGN_IDENTITY = "iPhone Developer: Vitaly Dubov (R5B8TK8AC8)";
				"CODE_SIGN_IDENTITY[sdk=iphoneos*]" = "iPhone Developer: Vitaly Dubov (R5B8TK8AC8)";
				COPY_PHASE_STRIP = YES;
				GCC_C_LANGUAGE_STANDARD = gnu99;
				GCC_WARN_ABOUT_RETURN_TYPE = YES;
				GCC_WARN_UNINITIALIZED_AUTOS = YES;
				GCC_WARN_UNUSED_VARIABLE = YES;
				IPHONEOS_DEPLOYMENT_TARGET = 5.1;
				OTHER_CFLAGS = "-DNS_BLOCK_ASSERTIONS=1";
				PROVISIONING_PROFILE = "41BC9FEC-678C-4855-A460-3E2F8925BEEF";
				"PROVISIONING_PROFILE[sdk=iphoneos*]" = "41BC9FEC-678C-4855-A460-3E2F8925BEEF";
				SDKROOT = iphoneos;
				TARGETED_DEVICE_FAMILY = 2;
				VALIDATE_PRODUCT = YES;
			};
			name = Distribution;
		};
		5ADDCCCB169DA00C00030652 /* Distribution */ = {
			isa = XCBuildConfiguration;
			buildSettings = {
				CODE_SIGN_IDENTITY = "iPhone Developer: Vitaly Dubov (R5B8TK8AC8)";
				"CODE_SIGN_IDENTITY[sdk=iphoneos*]" = "iPhone Developer: Vitaly Dubov (R5B8TK8AC8)";
				GCC_PRECOMPILE_PREFIX_HEADER = YES;
				GCC_PREFIX_HEADER = "JenkinsTest/JenkinsTest-Prefix.pch";
				INFOPLIST_FILE = "JenkinsTest/JenkinsTest-Info.plist";
				IPHONEOS_DEPLOYMENT_TARGET = 5.1;
				PRODUCT_NAME = "$(TARGET_NAME)";
				PROVISIONING_PROFILE = "41BC9FEC-678C-4855-A460-3E2F8925BEEF";
				"PROVISIONING_PROFILE[sdk=iphoneos*]" = "41BC9FEC-678C-4855-A460-3E2F8925BEEF";
				WRAPPER_EXTENSION = app;
			};
			name = Distribution;
		};
/* End XCBuildConfiguration section */

/* Begin XCConfigurationList section */
		5ADDCC9D169D9FEC00030652 /* Build configuration list for PBXProject "JenkinsTest" */ = {
			isa = XCConfigurationList;
			buildConfigurations = (
				5ADDCCC5169D9FEC00030652 /* Debug */,
				5ADDCCC6169D9FEC00030652 /* Release */,
				5ADDCCCA169DA00C00030652 /* Distribution */,
			);
			defaultConfigurationIsVisible = 0;
			defaultConfigurationName = Release;
		};
		5ADDCCC7169D9FEC00030652 /* Build configuration list for PBXNativeTarget "JenkinsTest" */ = {
			isa = XCConfigurationList;
			buildConfigurations = (
				5ADDCCC8169D9FEC00030652 /* Debug */,
				5ADDCCC9169D9FEC00030652 /* Release */,
				5ADDCCCB169DA00C00030652 /* Distribution */,
			);
			defaultConfigurationIsVisible = 0;
		};
/* End XCConfigurationList section */
	};
	rootObject = 5ADDCC9A169D9FEC00030652 /* Project object */;
}
